// !$*UTF8*$!
{
	archiveVersion = 1;
	classes = {
	};
	objectVersion = 47;
	objects = {

/* Begin PBXBuildFile section */
		C96FA3791BC836B800D728BD /* main.c in Sources */ = {isa = PBXBuildFile; fileRef = C96FA3781BC836B800D728BD /* main.c */; };
/* End PBXBuildFile section */

/* Begin PBXCopyFilesBuildPhase section */
		C96FA3731BC836B800D728BD /* CopyFiles */ = {
			isa = PBXCopyFilesBuildPhase;
			buildActionMask = 2147483647;
			dstPath = /usr/share/man/man1/;
			dstSubfolderSpec = 0;
			files = (
			);
			runOnlyForDeploymentPostprocessing = 1;
		};
/* End PBXCopyFilesBuildPhase section */

/* Begin PBXFileReference section */
		C96FA3751BC836B800D728BD /* Vim CapsLock LED */ = {isa = PBXFileReference; explicitFileType = "compiled.mach-o.executable"; includeInIndex = 0; path = "Vim CapsLock LED"; sourceTree = BUILT_PRODUCTS_DIR; };
		C96FA3781BC836B800D728BD /* main.c */ = {isa = PBXFileReference; lastKnownFileType = sourcecode.c.c; path = main.c; sourceTree = "<group>"; };
/* End PBXFileReference section */

/* Begin PBXFrameworksBuildPhase section */
		C96FA3721BC836B800D728BD /* Frameworks */ = {
			isa = PBXFrameworksBuildPhase;
			buildActionMask = 2147483647;
			files = (
			);
			runOnlyForDeploymentPostprocessing = 0;
		};
/* End PBXFrameworksBuildPhase section */

/* Begin PBXGroup section */
		C96FA36C1BC836B800D728BD = {
			isa = PBXGroup;
			children = (
				C96FA3771BC836B800D728BD /* Vim CapsLock LED */,
				C96FA3761BC836B800D728BD /* Products */,
			);
			sourceTree = "<group>";
		};
		C96FA3761BC836B800D728BD /* Products */ = {
			isa = PBXGroup;
			children = (
				C96FA3751BC836B800D728BD /* Vim CapsLock LED */,
			);
			name = Products;
			sourceTree = "<group>";
		};
		C96FA3771BC836B800D728BD /* Vim CapsLock LED */ = {
			isa = PBXGroup;
			children = (
				C96FA3781BC836B800D728BD /* main.c */,
			);
			path = "Vim CapsLock LED";
			sourceTree = "<group>";
		};
/* End PBXGroup section */

/* Begin PBXNativeTarget section */
		C96FA3741BC836B800D728BD /* Vim CapsLock LED */ = {
			isa = PBXNativeTarget;
			buildConfigurationList = C96FA37C1BC836B800D728BD /* Build configuration list for PBXNativeTarget "Vim CapsLock LED" */;
			buildPhases = (
				C96FA3711BC836B800D728BD /* Sources */,
				C96FA3721BC836B800D728BD /* Frameworks */,
				C96FA3731BC836B800D728BD /* CopyFiles */,
			);
			buildRules = (
			);
			dependencies = (
			);
			name = "Vim CapsLock LED";
			productName = "Vim CapsLock LED";
			productReference = C96FA3751BC836B800D728BD /* Vim CapsLock LED */;
			productType = "com.apple.product-type.tool";
		};
/* End PBXNativeTarget section */

/* Begin PBXProject section */
		C96FA36D1BC836B800D728BD /* Project object */ = {
			isa = PBXProject;
			attributes = {
				LastUpgradeCheck = 0700;
				ORGANIZATIONNAME = "Matt Guindin";
				TargetAttributes = {
					C96FA3741BC836B800D728BD = {
						CreatedOnToolsVersion = 7.0.1;
					};
				};
			};
			buildConfigurationList = C96FA3701BC836B800D728BD /* Build configuration list for PBXProject "Vim CapsLock LED" */;
			compatibilityVersion = "Xcode 6.3";
			developmentRegion = English;
			hasScannedForEncodings = 0;
			knownRegions = (
				en,
			);
			mainGroup = C96FA36C1BC836B800D728BD;
			productRefGroup = C96FA3761BC836B800D728BD /* Products */;
			projectDirPath = "";
			projectRoot = "";
			targets = (
				C96FA3741BC836B800D728BD /* Vim CapsLock LED */,
			);
		};
/* End PBXProject section */

/* Begin PBXSourcesBuildPhase section */
		C96FA3711BC836B800D728BD /* Sources */ = {
			isa = PBXSourcesBuildPhase;
			buildActionMask = 2147483647;
			files = (
				C96FA3791BC836B800D728BD /* main.c in Sources */,
			);
			runOnlyForDeploymentPostprocessing = 0;
		};
/* End PBXSourcesBuildPhase section */

/* Begin XCBuildConfiguration section */
		C96FA37A1BC836B800D728BD /* Debug */ = {
			isa = XCBuildConfiguration;
			buildSettings = {
				ALWAYS_SEARCH_USER_PATHS = NO;
				CLANG_CXX_LANGUAGE_STANDARD = "gnu++0x";
				CLANG_CXX_LIBRARY = "libc++";
				CLANG_ENABLE_MODULES = YES;
				CLANG_ENABLE_OBJC_ARC = YES;
				CLANG_WARN_BOOL_CONVERSION = YES;
				CLANG_WARN_CONSTANT_CONVERSION = YES;
				CLANG_WARN_DIRECT_OBJC_ISA_USAGE = YES_ERROR;
				CLANG_WARN_EMPTY_BODY = YES;
				CLANG_WARN_ENUM_CONVERSION = YES;
				CLANG_WARN_INT_CONVERSION = YES;
				CLANG_WARN_OBJC_ROOT_CLASS = YES_ERROR;
				CLANG_WARN_UNREACHABLE_CODE = YES;
				CLANG_WARN__DUPLICATE_METHOD_MATCH = YES;
				COPY_PHASE_STRIP = NO;
				DEBUG_INFORMATION_FORMAT = dwarf;
				ENABLE_STRICT_OBJC_MSGSEND = YES;
				ENABLE_TESTABILITY = YES;
				GCC_C_LANGUAGE_STANDARD = gnu99;
				GCC_DYNAMIC_NO_PIC = NO;
				GCC_NO_COMMON_BLOCKS = YES;
				GCC_OPTIMIZATION_LEVEL = 0;
				GCC_PREPROCESSOR_DEFINITIONS = (
					"DEBUG=1",
					"$(inherited)",
				);
				GCC_WARN_64_TO_32_BIT_CONVERSION = YES;
				GCC_WARN_ABOUT_RETURN_TYPE = YES_ERROR;
				GCC_WARN_UNDECLARED_SELECTOR = YES;
				GCC_WARN_UNINITIALIZED_AUTOS = YES_AGGRESSIVE;
				GCC_WARN_UNUSED_FUNCTION = YES;
				GCC_WARN_UNUSED_VARIABLE = YES;
				MACOSX_DEPLOYMENT_TARGET = 10.11;
				MTL_ENABLE_DEBUG_INFO = YES;
				ONLY_ACTIVE_ARCH = YES;
				SDKROOT = macosx;
			};
			name = Debug;
		};
		C96FA37B1BC836B800D728BD /* Release */ = {
			isa = XCBuildConfiguration;
			buildSettings = {
				ALWAYS_SEARCH_USER_PATHS = NO;
				CLANG_CXX_LANGUAGE_STANDARD = "gnu++0x";
				CLANG_CXX_LIBRARY = "libc++";
				CLANG_ENABLE_MODULES = YES;
				CLANG_ENABLE_OBJC_ARC = YES;
				CLANG_WARN_BOOL_CONVERSION = YES;
				CLANG_WARN_CONSTANT_CONVERSION = YES;
				CLANG_WARN_DIRECT_OBJC_ISA_USAGE = YES_ERROR;
				CLANG_WARN_EMPTY_BODY = YES;
				CLANG_WARN_ENUM_CONVERSION = YES;
				CLANG_WARN_INT_CONVERSION = YES;
				CLANG_WARN_OBJC_ROOT_CLASS = YES_ERROR;
				CLANG_WARN_UNREACHABLE_CODE = YES;
				CLANG_WARN__DUPLICATE_METHOD_MATCH = YES;
				COPY_PHASE_STRIP = NO;
				DEBUG_INFORMATION_FORMAT = "dwarf-with-dsym";
				ENABLE_NS_ASSERTIONS = NO;
				ENABLE_STRICT_OBJC_MSGSEND = YES;
				GCC_C_LANGUAGE_STANDARD = gnu99;
				GCC_NO_COMMON_BLOCKS = YES;
				GCC_WARN_64_TO_32_BIT_CONVERSION = YES;
				GCC_WARN_ABOUT_RETURN_TYPE = YES_ERROR;
				GCC_WARN_UNDECLARED_SELECTOR = YES;
				GCC_WARN_UNINITIALIZED_AUTOS = YES_AGGRESSIVE;
				GCC_WARN_UNUSED_FUNCTION = YES;
				GCC_WARN_UNUSED_VARIABLE = YES;
				MACOSX_DEPLOYMENT_TARGET = 10.11;
				MTL_ENABLE_DEBUG_INFO = NO;
				SDKROOT = macosx;
			};
			name = Release;
		};
		C96FA37D1BC836B800D728BD /* Debug */ = {
			isa = XCBuildConfiguration;
			buildSettings = {
				PRODUCT_NAME = "$(TARGET_NAME)";
			};
			name = Debug;
		};
		C96FA37E1BC836B800D728BD /* Release */ = {
			isa = XCBuildConfiguration;
			buildSettings = {
				PRODUCT_NAME = "$(TARGET_NAME)";
			};
			name = Release;
		};
/* End XCBuildConfiguration section */

/* Begin XCConfigurationList section */
		C96FA3701BC836B800D728BD /* Build configuration list for PBXProject "Vim CapsLock LED" */ = {
			isa = XCConfigurationList;
			buildConfigurations = (
				C96FA37A1BC836B800D728BD /* Debug */,
				C96FA37B1BC836B800D728BD /* Release */,
			);
			defaultConfigurationIsVisible = 0;
			defaultConfigurationName = Release;
		};
		C96FA37C1BC836B800D728BD /* Build configuration list for PBXNativeTarget "Vim CapsLock LED" */ = {
			isa = XCConfigurationList;
			buildConfigurations = (
				C96FA37D1BC836B800D728BD /* Debug */,
				C96FA37E1BC836B800D728BD /* Release */,
			);
			defaultConfigurationIsVisible = 0;
		};
/* End XCConfigurationList section */
	};
	rootObject = C96FA36D1BC836B800D728BD /* Project object */;
}
